
Microsoft Visual Studio Solution File, Format Version 12.00
# Visual Studio Version 17
VisualStudioVersion = 17.0.32112.339
MinimumVisualStudioVersion = 10.0.40219.1
Project("{54A90642-561A-4BB1-A94E-469ADEE60C69}") = "StockTrading", "StockTrading\StockTrading.esproj", "{FA2A8FD9-2541-4B90-A26C-06FF9AE59BE5}"
EndProject
Project("{9A19103F-16F7-4668-BE54-9A1E7A4F7556}") = "StockTradingBackend", "StockTradingBackend\StockTradingBackend.csproj", "{373D69D4-FABB-4BB3-BC65-EAD6BF2196D7}"
EndProject
Global
	GlobalSection(SolutionConfigurationPlatforms) = preSolution
		Debug|Any CPU = Debug|Any CPU
		Release|Any CPU = Release|Any CPU
	EndGlobalSection
	GlobalSection(ProjectConfigurationPlatforms) = postSolution
		{FA2A8FD9-2541-4B90-A26C-06FF9AE59BE5}.Debug|Any CPU.ActiveCfg = Debug|Any CPU
		{FA2A8FD9-2541-4B90-A26C-06FF9AE59BE5}.Debug|Any CPU.Build.0 = Debug|Any CPU
		{FA2A8FD9-2541-4B90-A26C-06FF9AE59BE5}.Debug|Any CPU.Deploy.0 = Debug|Any CPU
		{FA2A8FD9-2541-4B90-A26C-06FF9AE59BE5}.Release|Any CPU.ActiveCfg = Release|Any CPU
		{FA2A8FD9-2541-4B90-A26C-06FF9AE59BE5}.Release|Any CPU.Build.0 = Release|Any CPU
		{FA2A8FD9-2541-4B90-A26C-06FF9AE59BE5}.Release|Any CPU.Deploy.0 = Release|Any CPU
		{373D69D4-FABB-4BB3-BC65-EAD6BF2196D7}.Debug|Any CPU.ActiveCfg = Debug|Any CPU
		{373D69D4-FABB-4BB3-BC65-EAD6BF2196D7}.Debug|Any CPU.Build.0 = Debug|Any CPU
		{373D69D4-FABB-4BB3-BC65-EAD6BF2196D7}.Release|Any CPU.ActiveCfg = Release|Any CPU
		{373D69D4-FABB-4BB3-BC65-EAD6BF2196D7}.Release|Any CPU.Build.0 = Release|Any CPU
	EndGlobalSection
	GlobalSection(SolutionProperties) = preSolution
		HideSolutionNode = FALSE
	EndGlobalSection
	GlobalSection(ExtensibilityGlobals) = postSolution
		SolutionGuid = {83623085-E436-4A8A-8CCF-19A8247A6FEA}
	EndGlobalSection
EndGlobal
